
Microsoft Visual Studio Solution File, Format Version 12.00
# Visual Studio Version 17
VisualStudioVersion = 17.6.33829.357
MinimumVisualStudioVersion = 10.0.40219.1
Project("{FAE04EC0-301F-11D3-BF4B-00C04F79EFBC}") = "fantastic", "fantastic\fantastic.csproj", "{ADB71947-9D6D-4101-A841-C0255A3EBC50}"
EndProject
Global
	GlobalSection(SolutionConfigurationPlatforms) = preSolution
		Debug|Any CPU = Debug|Any CPU
		Release|Any CPU = Release|Any CPU
	EndGlobalSection
	GlobalSection(ProjectConfigurationPlatforms) = postSolution
		{ADB71947-9D6D-4101-A841-C0255A3EBC50}.Debug|Any CPU.ActiveCfg = Debug|Any CPU
		{ADB71947-9D6D-4101-A841-C0255A3EBC50}.Debug|Any CPU.Build.0 = Debug|Any CPU
		{ADB71947-9D6D-4101-A841-C0255A3EBC50}.Release|Any CPU.ActiveCfg = Release|Any CPU
		{ADB71947-9D6D-4101-A841-C0255A3EBC50}.Release|Any CPU.Build.0 = Release|Any CPU
	EndGlobalSection
	GlobalSection(SolutionProperties) = preSolution
		HideSolutionNode = FALSE
	EndGlobalSection
	GlobalSection(ExtensibilityGlobals) = postSolution
		SolutionGuid = {950F6E3E-F357-4A8B-9209-C2E2329D0A3B}
	EndGlobalSection
EndGlobal
